
Microsoft Visual Studio Solution File, Format Version 12.00
# Visual Studio 15
Project("{FAE04EC0-301F-11D3-BF4B-00C04F79EFBC}") = "Unity.Timeline", "Unity.Timeline.csproj", "{5595DCA5-2058-C64A-38ED-4F8FE82E9150}"
EndProject
Project("{FAE04EC0-301F-11D3-BF4B-00C04F79EFBC}") = "Unity.2D.Aseprite.Editor", "Unity.2D.Aseprite.Editor.csproj", "{1FDA3047-216D-052A-165D-0452079E7070}"
EndProject
Project("{FAE04EC0-301F-11D3-BF4B-00C04F79EFBC}") = "Unity.VisualScripting.Flow", "Unity.VisualScripting.Flow.csproj", "{58F8AED5-EDD6-5D60-74EE-6D3D66365049}"
EndProject
Project("{FAE04EC0-301F-11D3-BF4B-00C04F79EFBC}") = "Unity.Timeline.Editor", "Unity.Timeline.Editor.csproj", "{DFB8C49B-B9FB-67D2-9F0E-50C8DDC062E1}"
EndProject
Project("{FAE04EC0-301F-11D3-BF4B-00C04F79EFBC}") = "Unity.PlasticSCM.Editor", "Unity.PlasticSCM.Editor.csproj", "{45D8DA2A-6DA3-D395-A619-67880BF11F37}"
EndProject
Project("{FAE04EC0-301F-11D3-BF4B-00C04F79EFBC}") = "Unity.Mathematics", "Unity.Mathematics.csproj", "{194AFB74-E0A9-7907-C4E7-615E26F050B2}"
EndProject
Project("{FAE04EC0-301F-11D3-BF4B-00C04F79EFBC}") = "Unity.2D.Common.Path.Editor", "Unity.2D.Common.Path.Editor.csproj", "{688E4935-1531-72D4-6127-FAAF1CA603EF}"
EndProject
Project("{FAE04EC0-301F-11D3-BF4B-00C04F79EFBC}") = "Unity.2D.Psdimporter.Editor", "Unity.2D.Psdimporter.Editor.csproj", "{3A523D0A-6A96-167C-5867-A89335CE1DD3}"
EndProject
Project("{FAE04EC0-301F-11D3-BF4B-00C04F79EFBC}") = "Unity.2D.IK.Runtime", "Unity.2D.IK.Runtime.csproj", "{D7B39FF5-FA6D-192B-87F8-30B25F229EA7}"
EndProject
Project("{FAE04EC0-301F-11D3-BF4B-00C04F79EFBC}") = "Unity.VisualScripting.Core.Editor", "Unity.VisualScripting.Core.Editor.csproj", "{FF338CF4-DEFB-60E4-F4AA-601FAB6BAC28}"
EndProject
Project("{FAE04EC0-301F-11D3-BF4B-00C04F79EFBC}") = "UnityEngine.UI", "UnityEngine.UI.csproj", "{F5D5BC51-3C4A-BD3F-70CA-244C0A7CB6D3}"
EndProject
Project("{FAE04EC0-301F-11D3-BF4B-00C04F79EFBC}") = "UnityEditor.TestRunner", "UnityEditor.TestRunner.csproj", "{941A1CCE-B30B-A28C-4165-AB3413C1D631}"
EndProject
Project("{FAE04EC0-301F-11D3-BF4B-00C04F79EFBC}") = "Unity.InputSystem", "Unity.InputSystem.csproj", "{3698C309-1954-AF35-784B-E54A43EFAA93}"
EndProject
Project("{FAE04EC0-301F-11D3-BF4B-00C04F79EFBC}") = "UnityEngine.TestRunner", "UnityEngine.TestRunner.csproj", "{4B294368-6BC5-04FF-F012-69F99FBBEA4B}"
EndProject
Project("{FAE04EC0-301F-11D3-BF4B-00C04F79EFBC}") = "Unity.VisualScripting.Core", "Unity.VisualScripting.Core.csproj", "{EC35E9DA-63AA-17B9-B2D3-A7620C82CB15}"
EndProject
Project("{FAE04EC0-301F-11D3-BF4B-00C04F79EFBC}") = "Unity.VisualScripting.Flow.Editor", "Unity.VisualScripting.Flow.Editor.csproj", "{5BA7E75F-0568-85FD-8B72-906344A27D65}"
EndProject
Project("{FAE04EC0-301F-11D3-BF4B-00C04F79EFBC}") = "Unity.2D.Tilemap.Editor", "Unity.2D.Tilemap.Editor.csproj", "{C2B25284-C5B8-836C-EA0B-6B8898B031A3}"
EndProject
Project("{FAE04EC0-301F-11D3-BF4B-00C04F79EFBC}") = "Unity.Burst", "Unity.Burst.csproj", "{F1CDA88F-AAA9-EE86-E667-0AEB8A0DBD7D}"
EndProject
Project("{FAE04EC0-301F-11D3-BF4B-00C04F79EFBC}") = "PsdPlugin", "PsdPlugin.csproj", "{573F58F3-7C90-931D-2063-542615489250}"
EndProject
Project("{FAE04EC0-301F-11D3-BF4B-00C04F79EFBC}") = "Unity.Collections", "Unity.Collections.csproj", "{A40F7B57-036D-4CB4-534F-4F550D738766}"
EndProject
Project("{FAE04EC0-301F-11D3-BF4B-00C04F79EFBC}") = "Cinemachine", "Cinemachine.csproj", "{9DA4F324-AD3D-407B-7429-6F442D77ACA5}"
EndProject
Project("{FAE04EC0-301F-11D3-BF4B-00C04F79EFBC}") = "Unity.2D.Animation.Editor", "Unity.2D.Animation.Editor.csproj", "{CDAE3B10-B5F6-113E-9C2A-4E971BD7639A}"
EndProject
Project("{FAE04EC0-301F-11D3-BF4B-00C04F79EFBC}") = "Unity.2D.SpriteShape.Editor", "Unity.2D.SpriteShape.Editor.csproj", "{27AD655E-AE9C-F350-F355-0A79A027F331}"
EndProject
Project("{FAE04EC0-301F-11D3-BF4B-00C04F79EFBC}") = "Unity.VisualStudio.Editor", "Unity.VisualStudio.Editor.csproj", "{1C73FFE9-0D81-9499-CE5A-F3139B12FD83}"
EndProject
Project("{FAE04EC0-301F-11D3-BF4B-00C04F79EFBC}") = "Unity.TextMeshPro.Editor", "Unity.TextMeshPro.Editor.csproj", "{1BB3A0D8-4F08-9FFD-5FAC-590F04AB258A}"
EndProject
Project("{FAE04EC0-301F-11D3-BF4B-00C04F79EFBC}") = "Unity.Rider.Editor", "Unity.Rider.Editor.csproj", "{6EDC20AC-AECF-2701-47AB-C98400D6587D}"
EndProject
Project("{FAE04EC0-301F-11D3-BF4B-00C04F79EFBC}") = "Unity.InternalAPIEditorBridge.001", "Unity.InternalAPIEditorBridge.001.csproj", "{146FD19F-9C46-3B42-20CC-81D99AD5552A}"
EndProject
Project("{FAE04EC0-301F-11D3-BF4B-00C04F79EFBC}") = "Unity.2D.SpriteShape.Runtime", "Unity.2D.SpriteShape.Runtime.csproj", "{66B18364-DFA9-F376-73DC-652B1A241D86}"
EndProject
Project("{FAE04EC0-301F-11D3-BF4B-00C04F79EFBC}") = "Unity.VisualScripting.State.Editor", "Unity.VisualScripting.State.Editor.csproj", "{9754822C-D733-253C-BB45-521DF5EAB1BC}"
EndProject
Project("{FAE04EC0-301F-11D3-BF4B-00C04F79EFBC}") = "com.unity.cinemachine.editor", "com.unity.cinemachine.editor.csproj", "{98818F8D-B842-92BB-07A9-086BFAC4738D}"
EndProject
Project("{FAE04EC0-301F-11D3-BF4B-00C04F79EFBC}") = "ScriptablePacker", "ScriptablePacker.csproj", "{F041390B-033E-755C-FFB0-3E1F4A6A276B}"
EndProject
Project("{FAE04EC0-301F-11D3-BF4B-00C04F79EFBC}") = "Unity.Burst.CodeGen", "Unity.Burst.CodeGen.csproj", "{33D14BCB-9528-26A1-729E-6715511A40C8}"
EndProject
Project("{FAE04EC0-301F-11D3-BF4B-00C04F79EFBC}") = "Assembly-CSharp", "Assembly-CSharp.csproj", "{D6CF549A-6D7C-DFE0-D959-D8A958DB74E5}"
EndProject
Project("{FAE04EC0-301F-11D3-BF4B-00C04F79EFBC}") = "Unity.VisualScripting.State", "Unity.VisualScripting.State.csproj", "{70FD1166-E0F6-E317-3D95-0E0D9978CE27}"
EndProject
Project("{FAE04EC0-301F-11D3-BF4B-00C04F79EFBC}") = "Unity.2D.Tilemap.Extras.Editor", "Unity.2D.Tilemap.Extras.Editor.csproj", "{98DBC36B-D8F1-83C9-FF77-F65BABE1709A}"
EndProject
Project("{FAE04EC0-301F-11D3-BF4B-00C04F79EFBC}") = "Unity.2D.Animation.Runtime", "Unity.2D.Animation.Runtime.csproj", "{F2B75C61-B1AD-7FB6-A921-4BB2551B0BB0}"
EndProject
Project("{FAE04EC0-301F-11D3-BF4B-00C04F79EFBC}") = "UnityEditor.UI", "UnityEditor.UI.csproj", "{0C25E22E-CB6A-B17C-2C40-205D59555C0E}"
EndProject
Project("{FAE04EC0-301F-11D3-BF4B-00C04F79EFBC}") = "Unity.TextMeshPro", "Unity.TextMeshPro.csproj", "{3145D8C6-377D-9601-6CC4-AB031FA8CE8D}"
EndProject
Project("{FAE04EC0-301F-11D3-BF4B-00C04F79EFBC}") = "Unity.VisualScripting.SettingsProvider.Editor", "Unity.VisualScripting.SettingsProvider.Editor.csproj", "{C74FFFCD-4113-BBB1-8B77-903AC39B02F1}"
EndProject
Project("{FAE04EC0-301F-11D3-BF4B-00C04F79EFBC}") = "Unity.2D.IK.Editor", "Unity.2D.IK.Editor.csproj", "{8AF3BBEA-89AE-3C2F-2792-7053B604C765}"
EndProject
Project("{FAE04EC0-301F-11D3-BF4B-00C04F79EFBC}") = "Unity.InternalAPIEngineBridge.001", "Unity.InternalAPIEngineBridge.001.csproj", "{89FC698B-CE5C-9B56-97AA-CD495F47E9FA}"
EndProject
Project("{FAE04EC0-301F-11D3-BF4B-00C04F79EFBC}") = "Unity.Burst.Editor", "Unity.Burst.Editor.csproj", "{729E23EA-D6E9-BC9C-3271-2829F6AAE0E3}"
EndProject
Project("{FAE04EC0-301F-11D3-BF4B-00C04F79EFBC}") = "Unity.2D.Aseprite.Common", "Unity.2D.Aseprite.Common.csproj", "{C3B7BEC1-2C9F-15BC-D9A4-38235EFDC38C}"
EndProject
Project("{FAE04EC0-301F-11D3-BF4B-00C04F79EFBC}") = "Unity.2D.Common.Editor", "Unity.2D.Common.Editor.csproj", "{3C26D683-008C-F304-651A-105BEC6DD633}"
EndProject
Project("{FAE04EC0-301F-11D3-BF4B-00C04F79EFBC}") = "Unity.2D.PixelPerfect", "Unity.2D.PixelPerfect.csproj", "{6F74F0A5-FFB4-8F55-547F-581750C23722}"
EndProject
Project("{FAE04EC0-301F-11D3-BF4B-00C04F79EFBC}") = "Unity.2D.PixelPerfect.Editor", "Unity.2D.PixelPerfect.Editor.csproj", "{421628A8-040C-E075-5228-1726E8DE1A8E}"
EndProject
Project("{FAE04EC0-301F-11D3-BF4B-00C04F79EFBC}") = "Unity.2D.Common.Runtime", "Unity.2D.Common.Runtime.csproj", "{B269F4C6-5588-17BC-8503-12BD57860401}"
EndProject
Project("{FAE04EC0-301F-11D3-BF4B-00C04F79EFBC}") = "Unity.2D.Sprite.Editor", "Unity.2D.Sprite.Editor.csproj", "{78075C6D-8F86-0BCA-975B-A26E66CE661C}"
EndProject
Project("{FAE04EC0-301F-11D3-BF4B-00C04F79EFBC}") = "Unity.InputSystem.ForUI", "Unity.InputSystem.ForUI.csproj", "{395A38DC-7692-9DA1-D1CC-EF92A8610103}"
EndProject
Project("{FAE04EC0-301F-11D3-BF4B-00C04F79EFBC}") = "Unity.Mathematics.Editor", "Unity.Mathematics.Editor.csproj", "{D84F7D0C-2E5B-D248-8E55-BDEAC53CE364}"
EndProject
Project("{FAE04EC0-301F-11D3-BF4B-00C04F79EFBC}") = "Unity.2D.Tilemap.Extras", "Unity.2D.Tilemap.Extras.csproj", "{DF8FCF93-D8CD-7542-8401-0D0FA4F35239}"
EndProject
Project("{FAE04EC0-301F-11D3-BF4B-00C04F79EFBC}") = "Unity.InputSystem.TestFramework", "Unity.InputSystem.TestFramework.csproj", "{ADDE4F09-AC00-87CF-FAC9-153DF66E880B}"
EndProject
Project("{FAE04EC0-301F-11D3-BF4B-00C04F79EFBC}") = "Unity.VisualScripting.Shared.Editor", "Unity.VisualScripting.Shared.Editor.csproj", "{A5D1393F-21FD-36A2-7E06-4965DFB0F592}"
EndProject
Project("{FAE04EC0-301F-11D3-BF4B-00C04F79EFBC}") = "Unity.Collections.DocCodeSamples", "Unity.Collections.DocCodeSamples.csproj", "{435E7870-16B3-3BA0-0EE7-2398ED7C6C89}"
EndProject
Project("{FAE04EC0-301F-11D3-BF4B-00C04F79EFBC}") = "Unity.Collections.BurstCompatibilityGen", "Unity.Collections.BurstCompatibilityGen.csproj", "{E779E6EE-2EBF-5214-5D3E-167226419F53}"
EndProject
Project("{FAE04EC0-301F-11D3-BF4B-00C04F79EFBC}") = "Unity.CollabProxy.Editor", "Unity.CollabProxy.Editor.csproj", "{8869336B-8D13-A680-F528-7FBC3952A687}"
EndProject
Project("{FAE04EC0-301F-11D3-BF4B-00C04F79EFBC}") = "Unity.Timeline", "Unity.Timeline.Player.csproj", "{164B84A4-107F-DD50-5DC7-D1F5093AAE14}"
EndProject
Project("{FAE04EC0-301F-11D3-BF4B-00C04F79EFBC}") = "Unity.VisualScripting.Flow", "Unity.VisualScripting.Flow.Player.csproj", "{06619FA6-4932-2C58-56E4-51402F3F1608}"
EndProject
Project("{FAE04EC0-301F-11D3-BF4B-00C04F79EFBC}") = "Unity.Mathematics", "Unity.Mathematics.Player.csproj", "{21AE76A9-DC62-E253-D14F-BA742F76145E}"
EndProject
Project("{FAE04EC0-301F-11D3-BF4B-00C04F79EFBC}") = "Unity.2D.IK.Runtime", "Unity.2D.IK.Runtime.Player.csproj", "{99311AE5-7875-496E-31E6-1915B23363DA}"
EndProject
Project("{FAE04EC0-301F-11D3-BF4B-00C04F79EFBC}") = "UnityEngine.UI", "UnityEngine.UI.Player.csproj", "{ABECB161-A305-C072-FD90-292CF16E59EE}"
EndProject
Project("{FAE04EC0-301F-11D3-BF4B-00C04F79EFBC}") = "Unity.InputSystem", "Unity.InputSystem.Player.csproj", "{9979C79C-7AA7-F968-4CE7-86BDF642C90E}"
EndProject
Project("{FAE04EC0-301F-11D3-BF4B-00C04F79EFBC}") = "UnityEngine.TestRunner", "UnityEngine.TestRunner.Player.csproj", "{E37B34F8-DDA9-DD34-CD86-784991A8704B}"
EndProject
Project("{FAE04EC0-301F-11D3-BF4B-00C04F79EFBC}") = "Unity.VisualScripting.Core", "Unity.VisualScripting.Core.Player.csproj", "{955358A4-A515-09F1-3C96-C28BA3FB574B}"
EndProject
Project("{FAE04EC0-301F-11D3-BF4B-00C04F79EFBC}") = "Unity.Burst", "Unity.Burst.Player.csproj", "{28018175-BCED-6F13-E426-CEC6AB46C239}"
EndProject
Project("{FAE04EC0-301F-11D3-BF4B-00C04F79EFBC}") = "Unity.Collections", "Unity.Collections.Player.csproj", "{72FFCE0F-BDDD-08BB-B6D2-D8DDEA8523CD}"
EndProject
Project("{FAE04EC0-301F-11D3-BF4B-00C04F79EFBC}") = "Cinemachine", "Cinemachine.Player.csproj", "{A7F33138-4060-AEF3-5290-D49DDDD7E4A5}"
EndProject
Project("{FAE04EC0-301F-11D3-BF4B-00C04F79EFBC}") = "Unity.2D.SpriteShape.Runtime", "Unity.2D.SpriteShape.Runtime.Player.csproj", "{AFD6122A-729F-ADC2-55D0-767799F89FE2}"
EndProject
Project("{FAE04EC0-301F-11D3-BF4B-00C04F79EFBC}") = "Assembly-CSharp", "Assembly-CSharp.Player.csproj", "{B1A1FEAC-2AE0-A884-2746-EF1D61044726}"
EndProject
Project("{FAE04EC0-301F-11D3-BF4B-00C04F79EFBC}") = "Unity.VisualScripting.State", "Unity.VisualScripting.State.Player.csproj", "{16026D18-335C-2D8D-E317-9B64BC9192E8}"
EndProject
Project("{FAE04EC0-301F-11D3-BF4B-00C04F79EFBC}") = "Unity.2D.Animation.Runtime", "Unity.2D.Animation.Runtime.Player.csproj", "{1C333662-DBDC-81AD-5666-731E935B69C2}"
EndProject
Project("{FAE04EC0-301F-11D3-BF4B-00C04F79EFBC}") = "Unity.TextMeshPro", "Unity.TextMeshPro.Player.csproj", "{985B6131-9F5F-128E-FE11-DD8B230C4C0D}"
EndProject
Project("{FAE04EC0-301F-11D3-BF4B-00C04F79EFBC}") = "Unity.InternalAPIEngineBridge.001", "Unity.InternalAPIEngineBridge.001.Player.csproj", "{0E9CA9D0-4FDE-5A64-DDEB-8DF82AB48986}"
EndProject
Project("{FAE04EC0-301F-11D3-BF4B-00C04F79EFBC}") = "Unity.2D.PixelPerfect", "Unity.2D.PixelPerfect.Player.csproj", "{CAE3920B-6C17-10EF-73BF-7E82F2D296D8}"
EndProject
Project("{FAE04EC0-301F-11D3-BF4B-00C04F79EFBC}") = "Unity.2D.Common.Runtime", "Unity.2D.Common.Runtime.Player.csproj", "{A8DD7D47-F7AF-C2AA-1581-8542CE3E92EB}"
EndProject
Project("{FAE04EC0-301F-11D3-BF4B-00C04F79EFBC}") = "Unity.InputSystem.ForUI", "Unity.InputSystem.ForUI.Player.csproj", "{BEFE6CFB-F8BF-931A-53F7-E722167848A0}"
EndProject
Project("{FAE04EC0-301F-11D3-BF4B-00C04F79EFBC}") = "Unity.2D.Tilemap.Extras", "Unity.2D.Tilemap.Extras.Player.csproj", "{5C46C7C9-396A-E7F9-B434-8BF4FE2E739E}"
EndProject
Project("{FAE04EC0-301F-11D3-BF4B-00C04F79EFBC}") = "Unity.InputSystem.TestFramework", "Unity.InputSystem.TestFramework.Player.csproj", "{A71ACD28-C170-ACF8-AF28-89249BF02B80}"
EndProject
Global
	GlobalSection(SolutionConfigurationPlatforms) = preSolution
		Debug|Any CPU = Debug|Any CPU
		Release|Any CPU = Release|Any CPU
	EndGlobalSection
	GlobalSection(ProjectConfigurationPlatforms) = postSolution
		{5595DCA5-2058-C64A-38ED-4F8FE82E9150}.Debug|Any CPU.ActiveCfg = Debug|Any CPU
		{5595DCA5-2058-C64A-38ED-4F8FE82E9150}.Debug|Any CPU.Build.0 = Debug|Any CPU
		{5595DCA5-2058-C64A-38ED-4F8FE82E9150}.Release|Any CPU.ActiveCfg = Release|Any CPU
		{5595DCA5-2058-C64A-38ED-4F8FE82E9150}.Release|Any CPU.Build.0 = Release|Any CPU
		{1FDA3047-216D-052A-165D-0452079E7070}.Debug|Any CPU.ActiveCfg = Debug|Any CPU
		{1FDA3047-216D-052A-165D-0452079E7070}.Debug|Any CPU.Build.0 = Debug|Any CPU
		{1FDA3047-216D-052A-165D-0452079E7070}.Release|Any CPU.ActiveCfg = Release|Any CPU
		{1FDA3047-216D-052A-165D-0452079E7070}.Release|Any CPU.Build.0 = Release|Any CPU
		{58F8AED5-EDD6-5D60-74EE-6D3D66365049}.Debug|Any CPU.ActiveCfg = Debug|Any CPU
		{58F8AED5-EDD6-5D60-74EE-6D3D66365049}.Debug|Any CPU.Build.0 = Debug|Any CPU
		{58F8AED5-EDD6-5D60-74EE-6D3D66365049}.Release|Any CPU.ActiveCfg = Release|Any CPU
		{58F8AED5-EDD6-5D60-74EE-6D3D66365049}.Release|Any CPU.Build.0 = Release|Any CPU
		{DFB8C49B-B9FB-67D2-9F0E-50C8DDC062E1}.Debug|Any CPU.ActiveCfg = Debug|Any CPU
		{DFB8C49B-B9FB-67D2-9F0E-50C8DDC062E1}.Debug|Any CPU.Build.0 = Debug|Any CPU
		{DFB8C49B-B9FB-67D2-9F0E-50C8DDC062E1}.Release|Any CPU.ActiveCfg = Release|Any CPU
		{DFB8C49B-B9FB-67D2-9F0E-50C8DDC062E1}.Release|Any CPU.Build.0 = Release|Any CPU
		{45D8DA2A-6DA3-D395-A619-67880BF11F37}.Debug|Any CPU.ActiveCfg = Debug|Any CPU
		{45D8DA2A-6DA3-D395-A619-67880BF11F37}.Debug|Any CPU.Build.0 = Debug|Any CPU
		{45D8DA2A-6DA3-D395-A619-67880BF11F37}.Release|Any CPU.ActiveCfg = Release|Any CPU
		{45D8DA2A-6DA3-D395-A619-67880BF11F37}.Release|Any CPU.Build.0 = Release|Any CPU
		{194AFB74-E0A9-7907-C4E7-615E26F050B2}.Debug|Any CPU.ActiveCfg = Debug|Any CPU
		{194AFB74-E0A9-7907-C4E7-615E26F050B2}.Debug|Any CPU.Build.0 = Debug|Any CPU
		{194AFB74-E0A9-7907-C4E7-615E26F050B2}.Release|Any CPU.ActiveCfg = Release|Any CPU
		{194AFB74-E0A9-7907-C4E7-615E26F050B2}.Release|Any CPU.Build.0 = Release|Any CPU
		{688E4935-1531-72D4-6127-FAAF1CA603EF}.Debug|Any CPU.ActiveCfg = Debug|Any CPU
		{688E4935-1531-72D4-6127-FAAF1CA603EF}.Debug|Any CPU.Build.0 = Debug|Any CPU
		{688E4935-1531-72D4-6127-FAAF1CA603EF}.Release|Any CPU.ActiveCfg = Release|Any CPU
		{688E4935-1531-72D4-6127-FAAF1CA603EF}.Release|Any CPU.Build.0 = Release|Any CPU
		{3A523D0A-6A96-167C-5867-A89335CE1DD3}.Debug|Any CPU.ActiveCfg = Debug|Any CPU
		{3A523D0A-6A96-167C-5867-A89335CE1DD3}.Debug|Any CPU.Build.0 = Debug|Any CPU
		{3A523D0A-6A96-167C-5867-A89335CE1DD3}.Release|Any CPU.ActiveCfg = Release|Any CPU
		{3A523D0A-6A96-167C-5867-A89335CE1DD3}.Release|Any CPU.Build.0 = Release|Any CPU
		{D7B39FF5-FA6D-192B-87F8-30B25F229EA7}.Debug|Any CPU.ActiveCfg = Debug|Any CPU
		{D7B39FF5-FA6D-192B-87F8-30B25F229EA7}.Debug|Any CPU.Build.0 = Debug|Any CPU
		{D7B39FF5-FA6D-192B-87F8-30B25F229EA7}.Release|Any CPU.ActiveCfg = Release|Any CPU
		{D7B39FF5-FA6D-192B-87F8-30B25F229EA7}.Release|Any CPU.Build.0 = Release|Any CPU
		{FF338CF4-DEFB-60E4-F4AA-601FAB6BAC28}.Debug|Any CPU.ActiveCfg = Debug|Any CPU
		{FF338CF4-DEFB-60E4-F4AA-601FAB6BAC28}.Debug|Any CPU.Build.0 = Debug|Any CPU
		{FF338CF4-DEFB-60E4-F4AA-601FAB6BAC28}.Release|Any CPU.ActiveCfg = Release|Any CPU
		{FF338CF4-DEFB-60E4-F4AA-601FAB6BAC28}.Release|Any CPU.Build.0 = Release|Any CPU
		{F5D5BC51-3C4A-BD3F-70CA-244C0A7CB6D3}.Debug|Any CPU.ActiveCfg = Debug|Any CPU
		{F5D5BC51-3C4A-BD3F-70CA-244C0A7CB6D3}.Debug|Any CPU.Build.0 = Debug|Any CPU
		{F5D5BC51-3C4A-BD3F-70CA-244C0A7CB6D3}.Release|Any CPU.ActiveCfg = Release|Any CPU
		{F5D5BC51-3C4A-BD3F-70CA-244C0A7CB6D3}.Release|Any CPU.Build.0 = Release|Any CPU
		{941A1CCE-B30B-A28C-4165-AB3413C1D631}.Debug|Any CPU.ActiveCfg = Debug|Any CPU
		{941A1CCE-B30B-A28C-4165-AB3413C1D631}.Debug|Any CPU.Build.0 = Debug|Any CPU
		{941A1CCE-B30B-A28C-4165-AB3413C1D631}.Release|Any CPU.ActiveCfg = Release|Any CPU
		{941A1CCE-B30B-A28C-4165-AB3413C1D631}.Release|Any CPU.Build.0 = Release|Any CPU
		{3698C309-1954-AF35-784B-E54A43EFAA93}.Debug|Any CPU.ActiveCfg = Debug|Any CPU
		{3698C309-1954-AF35-784B-E54A43EFAA93}.Debug|Any CPU.Build.0 = Debug|Any CPU
		{3698C309-1954-AF35-784B-E54A43EFAA93}.Release|Any CPU.ActiveCfg = Release|Any CPU
		{3698C309-1954-AF35-784B-E54A43EFAA93}.Release|Any CPU.Build.0 = Release|Any CPU
		{4B294368-6BC5-04FF-F012-69F99FBBEA4B}.Debug|Any CPU.ActiveCfg = Debug|Any CPU
		{4B294368-6BC5-04FF-F012-69F99FBBEA4B}.Debug|Any CPU.Build.0 = Debug|Any CPU
		{4B294368-6BC5-04FF-F012-69F99FBBEA4B}.Release|Any CPU.ActiveCfg = Release|Any CPU
		{4B294368-6BC5-04FF-F012-69F99FBBEA4B}.Release|Any CPU.Build.0 = Release|Any CPU
		{EC35E9DA-63AA-17B9-B2D3-A7620C82CB15}.Debug|Any CPU.ActiveCfg = Debug|Any CPU
		{EC35E9DA-63AA-17B9-B2D3-A7620C82CB15}.Debug|Any CPU.Build.0 = Debug|Any CPU
		{EC35E9DA-63AA-17B9-B2D3-A7620C82CB15}.Release|Any CPU.ActiveCfg = Release|Any CPU
		{EC35E9DA-63AA-17B9-B2D3-A7620C82CB15}.Release|Any CPU.Build.0 = Release|Any CPU
		{5BA7E75F-0568-85FD-8B72-906344A27D65}.Debug|Any CPU.ActiveCfg = Debug|Any CPU
		{5BA7E75F-0568-85FD-8B72-906344A27D65}.Debug|Any CPU.Build.0 = Debug|Any CPU
		{5BA7E75F-0568-85FD-8B72-906344A27D65}.Release|Any CPU.ActiveCfg = Release|Any CPU
		{5BA7E75F-0568-85FD-8B72-906344A27D65}.Release|Any CPU.Build.0 = Release|Any CPU
		{C2B25284-C5B8-836C-EA0B-6B8898B031A3}.Debug|Any CPU.ActiveCfg = Debug|Any CPU
		{C2B25284-C5B8-836C-EA0B-6B8898B031A3}.Debug|Any CPU.Build.0 = Debug|Any CPU
		{C2B25284-C5B8-836C-EA0B-6B8898B031A3}.Release|Any CPU.ActiveCfg = Release|Any CPU
		{C2B25284-C5B8-836C-EA0B-6B8898B031A3}.Release|Any CPU.Build.0 = Release|Any CPU
		{F1CDA88F-AAA9-EE86-E667-0AEB8A0DBD7D}.Debug|Any CPU.ActiveCfg = Debug|Any CPU
		{F1CDA88F-AAA9-EE86-E667-0AEB8A0DBD7D}.Debug|Any CPU.Build.0 = Debug|Any CPU
		{F1CDA88F-AAA9-EE86-E667-0AEB8A0DBD7D}.Release|Any CPU.ActiveCfg = Release|Any CPU
		{F1CDA88F-AAA9-EE86-E667-0AEB8A0DBD7D}.Release|Any CPU.Build.0 = Release|Any CPU
		{573F58F3-7C90-931D-2063-542615489250}.Debug|Any CPU.ActiveCfg = Debug|Any CPU
		{573F58F3-7C90-931D-2063-542615489250}.Debug|Any CPU.Build.0 = Debug|Any CPU
		{573F58F3-7C90-931D-2063-542615489250}.Release|Any CPU.ActiveCfg = Release|Any CPU
		{573F58F3-7C90-931D-2063-542615489250}.Release|Any CPU.Build.0 = Release|Any CPU
		{A40F7B57-036D-4CB4-534F-4F550D738766}.Debug|Any CPU.ActiveCfg = Debug|Any CPU
		{A40F7B57-036D-4CB4-534F-4F550D738766}.Debug|Any CPU.Build.0 = Debug|Any CPU
		{A40F7B57-036D-4CB4-534F-4F550D738766}.Release|Any CPU.ActiveCfg = Release|Any CPU
		{A40F7B57-036D-4CB4-534F-4F550D738766}.Release|Any CPU.Build.0 = Release|Any CPU
		{9DA4F324-AD3D-407B-7429-6F442D77ACA5}.Debug|Any CPU.ActiveCfg = Debug|Any CPU
		{9DA4F324-AD3D-407B-7429-6F442D77ACA5}.Debug|Any CPU.Build.0 = Debug|Any CPU
		{9DA4F324-AD3D-407B-7429-6F442D77ACA5}.Release|Any CPU.ActiveCfg = Release|Any CPU
		{9DA4F324-AD3D-407B-7429-6F442D77ACA5}.Release|Any CPU.Build.0 = Release|Any CPU
		{CDAE3B10-B5F6-113E-9C2A-4E971BD7639A}.Debug|Any CPU.ActiveCfg = Debug|Any CPU
		{CDAE3B10-B5F6-113E-9C2A-4E971BD7639A}.Debug|Any CPU.Build.0 = Debug|Any CPU
		{CDAE3B10-B5F6-113E-9C2A-4E971BD7639A}.Release|Any CPU.ActiveCfg = Release|Any CPU
		{CDAE3B10-B5F6-113E-9C2A-4E971BD7639A}.Release|Any CPU.Build.0 = Release|Any CPU
		{27AD655E-AE9C-F350-F355-0A79A027F331}.Debug|Any CPU.ActiveCfg = Debug|Any CPU
		{27AD655E-AE9C-F350-F355-0A79A027F331}.Debug|Any CPU.Build.0 = Debug|Any CPU
		{27AD655E-AE9C-F350-F355-0A79A027F331}.Release|Any CPU.ActiveCfg = Release|Any CPU
		{27AD655E-AE9C-F350-F355-0A79A027F331}.Release|Any CPU.Build.0 = Release|Any CPU
		{1C73FFE9-0D81-9499-CE5A-F3139B12FD83}.Debug|Any CPU.ActiveCfg = Debug|Any CPU
		{1C73FFE9-0D81-9499-CE5A-F3139B12FD83}.Debug|Any CPU.Build.0 = Debug|Any CPU
		{1C73FFE9-0D81-9499-CE5A-F3139B12FD83}.Release|Any CPU.ActiveCfg = Release|Any CPU
		{1C73FFE9-0D81-9499-CE5A-F3139B12FD83}.Release|Any CPU.Build.0 = Release|Any CPU
		{1BB3A0D8-4F08-9FFD-5FAC-590F04AB258A}.Debug|Any CPU.ActiveCfg = Debug|Any CPU
		{1BB3A0D8-4F08-9FFD-5FAC-590F04AB258A}.Debug|Any CPU.Build.0 = Debug|Any CPU
		{1BB3A0D8-4F08-9FFD-5FAC-590F04AB258A}.Release|Any CPU.ActiveCfg = Release|Any CPU
		{1BB3A0D8-4F08-9FFD-5FAC-590F04AB258A}.Release|Any CPU.Build.0 = Release|Any CPU
		{6EDC20AC-AECF-2701-47AB-C98400D6587D}.Debug|Any CPU.ActiveCfg = Debug|Any CPU
		{6EDC20AC-AECF-2701-47AB-C98400D6587D}.Debug|Any CPU.Build.0 = Debug|Any CPU
		{6EDC20AC-AECF-2701-47AB-C98400D6587D}.Release|Any CPU.ActiveCfg = Release|Any CPU
		{6EDC20AC-AECF-2701-47AB-C98400D6587D}.Release|Any CPU.Build.0 = Release|Any CPU
		{146FD19F-9C46-3B42-20CC-81D99AD5552A}.Debug|Any CPU.ActiveCfg = Debug|Any CPU
		{146FD19F-9C46-3B42-20CC-81D99AD5552A}.Debug|Any CPU.Build.0 = Debug|Any CPU
		{146FD19F-9C46-3B42-20CC-81D99AD5552A}.Release|Any CPU.ActiveCfg = Release|Any CPU
		{146FD19F-9C46-3B42-20CC-81D99AD5552A}.Release|Any CPU.Build.0 = Release|Any CPU
		{66B18364-DFA9-F376-73DC-652B1A241D86}.Debug|Any CPU.ActiveCfg = Debug|Any CPU
		{66B18364-DFA9-F376-73DC-652B1A241D86}.Debug|Any CPU.Build.0 = Debug|Any CPU
		{66B18364-DFA9-F376-73DC-652B1A241D86}.Release|Any CPU.ActiveCfg = Release|Any CPU
		{66B18364-DFA9-F376-73DC-652B1A241D86}.Release|Any CPU.Build.0 = Release|Any CPU
		{9754822C-D733-253C-BB45-521DF5EAB1BC}.Debug|Any CPU.ActiveCfg = Debug|Any CPU
		{9754822C-D733-253C-BB45-521DF5EAB1BC}.Debug|Any CPU.Build.0 = Debug|Any CPU
		{9754822C-D733-253C-BB45-521DF5EAB1BC}.Release|Any CPU.ActiveCfg = Release|Any CPU
		{9754822C-D733-253C-BB45-521DF5EAB1BC}.Release|Any CPU.Build.0 = Release|Any CPU
		{98818F8D-B842-92BB-07A9-086BFAC4738D}.Debug|Any CPU.ActiveCfg = Debug|Any CPU
		{98818F8D-B842-92BB-07A9-086BFAC4738D}.Debug|Any CPU.Build.0 = Debug|Any CPU
		{98818F8D-B842-92BB-07A9-086BFAC4738D}.Release|Any CPU.ActiveCfg = Release|Any CPU
		{98818F8D-B842-92BB-07A9-086BFAC4738D}.Release|Any CPU.Build.0 = Release|Any CPU
		{F041390B-033E-755C-FFB0-3E1F4A6A276B}.Debug|Any CPU.ActiveCfg = Debug|Any CPU
		{F041390B-033E-755C-FFB0-3E1F4A6A276B}.Debug|Any CPU.Build.0 = Debug|Any CPU
		{F041390B-033E-755C-FFB0-3E1F4A6A276B}.Release|Any CPU.ActiveCfg = Release|Any CPU
		{F041390B-033E-755C-FFB0-3E1F4A6A276B}.Release|Any CPU.Build.0 = Release|Any CPU
		{33D14BCB-9528-26A1-729E-6715511A40C8}.Debug|Any CPU.ActiveCfg = Debug|Any CPU
		{33D14BCB-9528-26A1-729E-6715511A40C8}.Debug|Any CPU.Build.0 = Debug|Any CPU
		{33D14BCB-9528-26A1-729E-6715511A40C8}.Release|Any CPU.ActiveCfg = Release|Any CPU
		{33D14BCB-9528-26A1-729E-6715511A40C8}.Release|Any CPU.Build.0 = Release|Any CPU
		{D6CF549A-6D7C-DFE0-D959-D8A958DB74E5}.Debug|Any CPU.ActiveCfg = Debug|Any CPU
		{D6CF549A-6D7C-DFE0-D959-D8A958DB74E5}.Debug|Any CPU.Build.0 = Debug|Any CPU
		{D6CF549A-6D7C-DFE0-D959-D8A958DB74E5}.Release|Any CPU.ActiveCfg = Release|Any CPU
		{D6CF549A-6D7C-DFE0-D959-D8A958DB74E5}.Release|Any CPU.Build.0 = Release|Any CPU
		{70FD1166-E0F6-E317-3D95-0E0D9978CE27}.Debug|Any CPU.ActiveCfg = Debug|Any CPU
		{70FD1166-E0F6-E317-3D95-0E0D9978CE27}.Debug|Any CPU.Build.0 = Debug|Any CPU
		{70FD1166-E0F6-E317-3D95-0E0D9978CE27}.Release|Any CPU.ActiveCfg = Release|Any CPU
		{70FD1166-E0F6-E317-3D95-0E0D9978CE27}.Release|Any CPU.Build.0 = Release|Any CPU
		{98DBC36B-D8F1-83C9-FF77-F65BABE1709A}.Debug|Any CPU.ActiveCfg = Debug|Any CPU
		{98DBC36B-D8F1-83C9-FF77-F65BABE1709A}.Debug|Any CPU.Build.0 = Debug|Any CPU
		{98DBC36B-D8F1-83C9-FF77-F65BABE1709A}.Release|Any CPU.ActiveCfg = Release|Any CPU
		{98DBC36B-D8F1-83C9-FF77-F65BABE1709A}.Release|Any CPU.Build.0 = Release|Any CPU
		{F2B75C61-B1AD-7FB6-A921-4BB2551B0BB0}.Debug|Any CPU.ActiveCfg = Debug|Any CPU
		{F2B75C61-B1AD-7FB6-A921-4BB2551B0BB0}.Debug|Any CPU.Build.0 = Debug|Any CPU
		{F2B75C61-B1AD-7FB6-A921-4BB2551B0BB0}.Release|Any CPU.ActiveCfg = Release|Any CPU
		{F2B75C61-B1AD-7FB6-A921-4BB2551B0BB0}.Release|Any CPU.Build.0 = Release|Any CPU
		{0C25E22E-CB6A-B17C-2C40-205D59555C0E}.Debug|Any CPU.ActiveCfg = Debug|Any CPU
		{0C25E22E-CB6A-B17C-2C40-205D59555C0E}.Debug|Any CPU.Build.0 = Debug|Any CPU
		{0C25E22E-CB6A-B17C-2C40-205D59555C0E}.Release|Any CPU.ActiveCfg = Release|Any CPU
		{0C25E22E-CB6A-B17C-2C40-205D59555C0E}.Release|Any CPU.Build.0 = Release|Any CPU
		{3145D8C6-377D-9601-6CC4-AB031FA8CE8D}.Debug|Any CPU.ActiveCfg = Debug|Any CPU
		{3145D8C6-377D-9601-6CC4-AB031FA8CE8D}.Debug|Any CPU.Build.0 = Debug|Any CPU
		{3145D8C6-377D-9601-6CC4-AB031FA8CE8D}.Release|Any CPU.ActiveCfg = Release|Any CPU
		{3145D8C6-377D-9601-6CC4-AB031FA8CE8D}.Release|Any CPU.Build.0 = Release|Any CPU
		{C74FFFCD-4113-BBB1-8B77-903AC39B02F1}.Debug|Any CPU.ActiveCfg = Debug|Any CPU
		{C74FFFCD-4113-BBB1-8B77-903AC39B02F1}.Debug|Any CPU.Build.0 = Debug|Any CPU
		{C74FFFCD-4113-BBB1-8B77-903AC39B02F1}.Release|Any CPU.ActiveCfg = Release|Any CPU
		{C74FFFCD-4113-BBB1-8B77-903AC39B02F1}.Release|Any CPU.Build.0 = Release|Any CPU
		{8AF3BBEA-89AE-3C2F-2792-7053B604C765}.Debug|Any CPU.ActiveCfg = Debug|Any CPU
		{8AF3BBEA-89AE-3C2F-2792-7053B604C765}.Debug|Any CPU.Build.0 = Debug|Any CPU
		{8AF3BBEA-89AE-3C2F-2792-7053B604C765}.Release|Any CPU.ActiveCfg = Release|Any CPU
		{8AF3BBEA-89AE-3C2F-2792-7053B604C765}.Release|Any CPU.Build.0 = Release|Any CPU
		{89FC698B-CE5C-9B56-97AA-CD495F47E9FA}.Debug|Any CPU.ActiveCfg = Debug|Any CPU
		{89FC698B-CE5C-9B56-97AA-CD495F47E9FA}.Debug|Any CPU.Build.0 = Debug|Any CPU
		{89FC698B-CE5C-9B56-97AA-CD495F47E9FA}.Release|Any CPU.ActiveCfg = Release|Any CPU
		{89FC698B-CE5C-9B56-97AA-CD495F47E9FA}.Release|Any CPU.Build.0 = Release|Any CPU
		{729E23EA-D6E9-BC9C-3271-2829F6AAE0E3}.Debug|Any CPU.ActiveCfg = Debug|Any CPU
		{729E23EA-D6E9-BC9C-3271-2829F6AAE0E3}.Debug|Any CPU.Build.0 = Debug|Any CPU
		{729E23EA-D6E9-BC9C-3271-2829F6AAE0E3}.Release|Any CPU.ActiveCfg = Release|Any CPU
		{729E23EA-D6E9-BC9C-3271-2829F6AAE0E3}.Release|Any CPU.Build.0 = Release|Any CPU
		{C3B7BEC1-2C9F-15BC-D9A4-38235EFDC38C}.Debug|Any CPU.ActiveCfg = Debug|Any CPU
		{C3B7BEC1-2C9F-15BC-D9A4-38235EFDC38C}.Debug|Any CPU.Build.0 = Debug|Any CPU
		{C3B7BEC1-2C9F-15BC-D9A4-38235EFDC38C}.Release|Any CPU.ActiveCfg = Release|Any CPU
		{C3B7BEC1-2C9F-15BC-D9A4-38235EFDC38C}.Release|Any CPU.Build.0 = Release|Any CPU
		{3C26D683-008C-F304-651A-105BEC6DD633}.Debug|Any CPU.ActiveCfg = Debug|Any CPU
		{3C26D683-008C-F304-651A-105BEC6DD633}.Debug|Any CPU.Build.0 = Debug|Any CPU
		{3C26D683-008C-F304-651A-105BEC6DD633}.Release|Any CPU.ActiveCfg = Release|Any CPU
		{3C26D683-008C-F304-651A-105BEC6DD633}.Release|Any CPU.Build.0 = Release|Any CPU
		{6F74F0A5-FFB4-8F55-547F-581750C23722}.Debug|Any CPU.ActiveCfg = Debug|Any CPU
		{6F74F0A5-FFB4-8F55-547F-581750C23722}.Debug|Any CPU.Build.0 = Debug|Any CPU
		{6F74F0A5-FFB4-8F55-547F-581750C23722}.Release|Any CPU.ActiveCfg = Release|Any CPU
		{6F74F0A5-FFB4-8F55-547F-581750C23722}.Release|Any CPU.Build.0 = Release|Any CPU
		{421628A8-040C-E075-5228-1726E8DE1A8E}.Debug|Any CPU.ActiveCfg = Debug|Any CPU
		{421628A8-040C-E075-5228-1726E8DE1A8E}.Debug|Any CPU.Build.0 = Debug|Any CPU
		{421628A8-040C-E075-5228-1726E8DE1A8E}.Release|Any CPU.ActiveCfg = Release|Any CPU
		{421628A8-040C-E075-5228-1726E8DE1A8E}.Release|Any CPU.Build.0 = Release|Any CPU
		{B269F4C6-5588-17BC-8503-12BD57860401}.Debug|Any CPU.ActiveCfg = Debug|Any CPU
		{B269F4C6-5588-17BC-8503-12BD57860401}.Debug|Any CPU.Build.0 = Debug|Any CPU
		{B269F4C6-5588-17BC-8503-12BD57860401}.Release|Any CPU.ActiveCfg = Release|Any CPU
		{B269F4C6-5588-17BC-8503-12BD57860401}.Release|Any CPU.Build.0 = Release|Any CPU
		{78075C6D-8F86-0BCA-975B-A26E66CE661C}.Debug|Any CPU.ActiveCfg = Debug|Any CPU
		{78075C6D-8F86-0BCA-975B-A26E66CE661C}.Debug|Any CPU.Build.0 = Debug|Any CPU
		{78075C6D-8F86-0BCA-975B-A26E66CE661C}.Release|Any CPU.ActiveCfg = Release|Any CPU
		{78075C6D-8F86-0BCA-975B-A26E66CE661C}.Release|Any CPU.Build.0 = Release|Any CPU
		{395A38DC-7692-9DA1-D1CC-EF92A8610103}.Debug|Any CPU.ActiveCfg = Debug|Any CPU
		{395A38DC-7692-9DA1-D1CC-EF92A8610103}.Debug|Any CPU.Build.0 = Debug|Any CPU
		{395A38DC-7692-9DA1-D1CC-EF92A8610103}.Release|Any CPU.ActiveCfg = Release|Any CPU
		{395A38DC-7692-9DA1-D1CC-EF92A8610103}.Release|Any CPU.Build.0 = Release|Any CPU
		{D84F7D0C-2E5B-D248-8E55-BDEAC53CE364}.Debug|Any CPU.ActiveCfg = Debug|Any CPU
		{D84F7D0C-2E5B-D248-8E55-BDEAC53CE364}.Debug|Any CPU.Build.0 = Debug|Any CPU
		{D84F7D0C-2E5B-D248-8E55-BDEAC53CE364}.Release|Any CPU.ActiveCfg = Release|Any CPU
		{D84F7D0C-2E5B-D248-8E55-BDEAC53CE364}.Release|Any CPU.Build.0 = Release|Any CPU
		{DF8FCF93-D8CD-7542-8401-0D0FA4F35239}.Debug|Any CPU.ActiveCfg = Debug|Any CPU
		{DF8FCF93-D8CD-7542-8401-0D0FA4F35239}.Debug|Any CPU.Build.0 = Debug|Any CPU
		{DF8FCF93-D8CD-7542-8401-0D0FA4F35239}.Release|Any CPU.ActiveCfg = Release|Any CPU
		{DF8FCF93-D8CD-7542-8401-0D0FA4F35239}.Release|Any CPU.Build.0 = Release|Any CPU
		{ADDE4F09-AC00-87CF-FAC9-153DF66E880B}.Debug|Any CPU.ActiveCfg = Debug|Any CPU
		{ADDE4F09-AC00-87CF-FAC9-153DF66E880B}.Debug|Any CPU.Build.0 = Debug|Any CPU
		{ADDE4F09-AC00-87CF-FAC9-153DF66E880B}.Release|Any CPU.ActiveCfg = Release|Any CPU
		{ADDE4F09-AC00-87CF-FAC9-153DF66E880B}.Release|Any CPU.Build.0 = Release|Any CPU
		{A5D1393F-21FD-36A2-7E06-4965DFB0F592}.Debug|Any CPU.ActiveCfg = Debug|Any CPU
		{A5D1393F-21FD-36A2-7E06-4965DFB0F592}.Debug|Any CPU.Build.0 = Debug|Any CPU
		{A5D1393F-21FD-36A2-7E06-4965DFB0F592}.Release|Any CPU.ActiveCfg = Release|Any CPU
		{A5D1393F-21FD-36A2-7E06-4965DFB0F592}.Release|Any CPU.Build.0 = Release|Any CPU
		{435E7870-16B3-3BA0-0EE7-2398ED7C6C89}.Debug|Any CPU.ActiveCfg = Debug|Any CPU
		{435E7870-16B3-3BA0-0EE7-2398ED7C6C89}.Debug|Any CPU.Build.0 = Debug|Any CPU
		{435E7870-16B3-3BA0-0EE7-2398ED7C6C89}.Release|Any CPU.ActiveCfg = Release|Any CPU
		{435E7870-16B3-3BA0-0EE7-2398ED7C6C89}.Release|Any CPU.Build.0 = Release|Any CPU
		{E779E6EE-2EBF-5214-5D3E-167226419F53}.Debug|Any CPU.ActiveCfg = Debug|Any CPU
		{E779E6EE-2EBF-5214-5D3E-167226419F53}.Debug|Any CPU.Build.0 = Debug|Any CPU
		{E779E6EE-2EBF-5214-5D3E-167226419F53}.Release|Any CPU.ActiveCfg = Release|Any CPU
		{E779E6EE-2EBF-5214-5D3E-167226419F53}.Release|Any CPU.Build.0 = Release|Any CPU
		{8869336B-8D13-A680-F528-7FBC3952A687}.Debug|Any CPU.ActiveCfg = Debug|Any CPU
		{8869336B-8D13-A680-F528-7FBC3952A687}.Debug|Any CPU.Build.0 = Debug|Any CPU
		{8869336B-8D13-A680-F528-7FBC3952A687}.Release|Any CPU.ActiveCfg = Release|Any CPU
		{8869336B-8D13-A680-F528-7FBC3952A687}.Release|Any CPU.Build.0 = Release|Any CPU
		{164B84A4-107F-DD50-5DC7-D1F5093AAE14}.Debug|Any CPU.ActiveCfg = Debug|Any CPU
		{164B84A4-107F-DD50-5DC7-D1F5093AAE14}.Debug|Any CPU.Build.0 = Debug|Any CPU
		{164B84A4-107F-DD50-5DC7-D1F5093AAE14}.Release|Any CPU.ActiveCfg = Release|Any CPU
		{164B84A4-107F-DD50-5DC7-D1F5093AAE14}.Release|Any CPU.Build.0 = Release|Any CPU
		{06619FA6-4932-2C58-56E4-51402F3F1608}.Debug|Any CPU.ActiveCfg = Debug|Any CPU
		{06619FA6-4932-2C58-56E4-51402F3F1608}.Debug|Any CPU.Build.0 = Debug|Any CPU
		{06619FA6-4932-2C58-56E4-51402F3F1608}.Release|Any CPU.ActiveCfg = Release|Any CPU
		{06619FA6-4932-2C58-56E4-51402F3F1608}.Release|Any CPU.Build.0 = Release|Any CPU
		{21AE76A9-DC62-E253-D14F-BA742F76145E}.Debug|Any CPU.ActiveCfg = Debug|Any CPU
		{21AE76A9-DC62-E253-D14F-BA742F76145E}.Debug|Any CPU.Build.0 = Debug|Any CPU
		{21AE76A9-DC62-E253-D14F-BA742F76145E}.Release|Any CPU.ActiveCfg = Release|Any CPU
		{21AE76A9-DC62-E253-D14F-BA742F76145E}.Release|Any CPU.Build.0 = Release|Any CPU
		{99311AE5-7875-496E-31E6-1915B23363DA}.Debug|Any CPU.ActiveCfg = Debug|Any CPU
		{99311AE5-7875-496E-31E6-1915B23363DA}.Debug|Any CPU.Build.0 = Debug|Any CPU
		{99311AE5-7875-496E-31E6-1915B23363DA}.Release|Any CPU.ActiveCfg = Release|Any CPU
		{99311AE5-7875-496E-31E6-1915B23363DA}.Release|Any CPU.Build.0 = Release|Any CPU
		{ABECB161-A305-C072-FD90-292CF16E59EE}.Debug|Any CPU.ActiveCfg = Debug|Any CPU
		{ABECB161-A305-C072-FD90-292CF16E59EE}.Debug|Any CPU.Build.0 = Debug|Any CPU
		{ABECB161-A305-C072-FD90-292CF16E59EE}.Release|Any CPU.ActiveCfg = Release|Any CPU
		{ABECB161-A305-C072-FD90-292CF16E59EE}.Release|Any CPU.Build.0 = Release|Any CPU
		{9979C79C-7AA7-F968-4CE7-86BDF642C90E}.Debug|Any CPU.ActiveCfg = Debug|Any CPU
		{9979C79C-7AA7-F968-4CE7-86BDF642C90E}.Debug|Any CPU.Build.0 = Debug|Any CPU
		{9979C79C-7AA7-F968-4CE7-86BDF642C90E}.Release|Any CPU.ActiveCfg = Release|Any CPU
		{9979C79C-7AA7-F968-4CE7-86BDF642C90E}.Release|Any CPU.Build.0 = Release|Any CPU
		{E37B34F8-DDA9-DD34-CD86-784991A8704B}.Debug|Any CPU.ActiveCfg = Debug|Any CPU
		{E37B34F8-DDA9-DD34-CD86-784991A8704B}.Debug|Any CPU.Build.0 = Debug|Any CPU
		{E37B34F8-DDA9-DD34-CD86-784991A8704B}.Release|Any CPU.ActiveCfg = Release|Any CPU
		{E37B34F8-DDA9-DD34-CD86-784991A8704B}.Release|Any CPU.Build.0 = Release|Any CPU
		{955358A4-A515-09F1-3C96-C28BA3FB574B}.Debug|Any CPU.ActiveCfg = Debug|Any CPU
		{955358A4-A515-09F1-3C96-C28BA3FB574B}.Debug|Any CPU.Build.0 = Debug|Any CPU
		{955358A4-A515-09F1-3C96-C28BA3FB574B}.Release|Any CPU.ActiveCfg = Release|Any CPU
		{955358A4-A515-09F1-3C96-C28BA3FB574B}.Release|Any CPU.Build.0 = Release|Any CPU
		{28018175-BCED-6F13-E426-CEC6AB46C239}.Debug|Any CPU.ActiveCfg = Debug|Any CPU
		{28018175-BCED-6F13-E426-CEC6AB46C239}.Debug|Any CPU.Build.0 = Debug|Any CPU
		{28018175-BCED-6F13-E426-CEC6AB46C239}.Release|Any CPU.ActiveCfg = Release|Any CPU
		{28018175-BCED-6F13-E426-CEC6AB46C239}.Release|Any CPU.Build.0 = Release|Any CPU
		{72FFCE0F-BDDD-08BB-B6D2-D8DDEA8523CD}.Debug|Any CPU.ActiveCfg = Debug|Any CPU
		{72FFCE0F-BDDD-08BB-B6D2-D8DDEA8523CD}.Debug|Any CPU.Build.0 = Debug|Any CPU
		{72FFCE0F-BDDD-08BB-B6D2-D8DDEA8523CD}.Release|Any CPU.ActiveCfg = Release|Any CPU
		{72FFCE0F-BDDD-08BB-B6D2-D8DDEA8523CD}.Release|Any CPU.Build.0 = Release|Any CPU
		{A7F33138-4060-AEF3-5290-D49DDDD7E4A5}.Debug|Any CPU.ActiveCfg = Debug|Any CPU
		{A7F33138-4060-AEF3-5290-D49DDDD7E4A5}.Debug|Any CPU.Build.0 = Debug|Any CPU
		{A7F33138-4060-AEF3-5290-D49DDDD7E4A5}.Release|Any CPU.ActiveCfg = Release|Any CPU
		{A7F33138-4060-AEF3-5290-D49DDDD7E4A5}.Release|Any CPU.Build.0 = Release|Any CPU
		{AFD6122A-729F-ADC2-55D0-767799F89FE2}.Debug|Any CPU.ActiveCfg = Debug|Any CPU
		{AFD6122A-729F-ADC2-55D0-767799F89FE2}.Debug|Any CPU.Build.0 = Debug|Any CPU
		{AFD6122A-729F-ADC2-55D0-767799F89FE2}.Release|Any CPU.ActiveCfg = Release|Any CPU
		{AFD6122A-729F-ADC2-55D0-767799F89FE2}.Release|Any CPU.Build.0 = Release|Any CPU
		{B1A1FEAC-2AE0-A884-2746-EF1D61044726}.Debug|Any CPU.ActiveCfg = Debug|Any CPU
		{B1A1FEAC-2AE0-A884-2746-EF1D61044726}.Debug|Any CPU.Build.0 = Debug|Any CPU
		{B1A1FEAC-2AE0-A884-2746-EF1D61044726}.Release|Any CPU.ActiveCfg = Release|Any CPU
		{B1A1FEAC-2AE0-A884-2746-EF1D61044726}.Release|Any CPU.Build.0 = Release|Any CPU
		{16026D18-335C-2D8D-E317-9B64BC9192E8}.Debug|Any CPU.ActiveCfg = Debug|Any CPU
		{16026D18-335C-2D8D-E317-9B64BC9192E8}.Debug|Any CPU.Build.0 = Debug|Any CPU
		{16026D18-335C-2D8D-E317-9B64BC9192E8}.Release|Any CPU.ActiveCfg = Release|Any CPU
		{16026D18-335C-2D8D-E317-9B64BC9192E8}.Release|Any CPU.Build.0 = Release|Any CPU
		{1C333662-DBDC-81AD-5666-731E935B69C2}.Debug|Any CPU.ActiveCfg = Debug|Any CPU
		{1C333662-DBDC-81AD-5666-731E935B69C2}.Debug|Any CPU.Build.0 = Debug|Any CPU
		{1C333662-DBDC-81AD-5666-731E935B69C2}.Release|Any CPU.ActiveCfg = Release|Any CPU
		{1C333662-DBDC-81AD-5666-731E935B69C2}.Release|Any CPU.Build.0 = Release|Any CPU
		{985B6131-9F5F-128E-FE11-DD8B230C4C0D}.Debug|Any CPU.ActiveCfg = Debug|Any CPU
		{985B6131-9F5F-128E-FE11-DD8B230C4C0D}.Debug|Any CPU.Build.0 = Debug|Any CPU
		{985B6131-9F5F-128E-FE11-DD8B230C4C0D}.Release|Any CPU.ActiveCfg = Release|Any CPU
		{985B6131-9F5F-128E-FE11-DD8B230C4C0D}.Release|Any CPU.Build.0 = Release|Any CPU
		{0E9CA9D0-4FDE-5A64-DDEB-8DF82AB48986}.Debug|Any CPU.ActiveCfg = Debug|Any CPU
		{0E9CA9D0-4FDE-5A64-DDEB-8DF82AB48986}.Debug|Any CPU.Build.0 = Debug|Any CPU
		{0E9CA9D0-4FDE-5A64-DDEB-8DF82AB48986}.Release|Any CPU.ActiveCfg = Release|Any CPU
		{0E9CA9D0-4FDE-5A64-DDEB-8DF82AB48986}.Release|Any CPU.Build.0 = Release|Any CPU
		{CAE3920B-6C17-10EF-73BF-7E82F2D296D8}.Debug|Any CPU.ActiveCfg = Debug|Any CPU
		{CAE3920B-6C17-10EF-73BF-7E82F2D296D8}.Debug|Any CPU.Build.0 = Debug|Any CPU
		{CAE3920B-6C17-10EF-73BF-7E82F2D296D8}.Release|Any CPU.ActiveCfg = Release|Any CPU
		{CAE3920B-6C17-10EF-73BF-7E82F2D296D8}.Release|Any CPU.Build.0 = Release|Any CPU
		{A8DD7D47-F7AF-C2AA-1581-8542CE3E92EB}.Debug|Any CPU.ActiveCfg = Debug|Any CPU
		{A8DD7D47-F7AF-C2AA-1581-8542CE3E92EB}.Debug|Any CPU.Build.0 = Debug|Any CPU
		{A8DD7D47-F7AF-C2AA-1581-8542CE3E92EB}.Release|Any CPU.ActiveCfg = Release|Any CPU
		{A8DD7D47-F7AF-C2AA-1581-8542CE3E92EB}.Release|Any CPU.Build.0 = Release|Any CPU
		{BEFE6CFB-F8BF-931A-53F7-E722167848A0}.Debug|Any CPU.ActiveCfg = Debug|Any CPU
		{BEFE6CFB-F8BF-931A-53F7-E722167848A0}.Debug|Any CPU.Build.0 = Debug|Any CPU
		{BEFE6CFB-F8BF-931A-53F7-E722167848A0}.Release|Any CPU.ActiveCfg = Release|Any CPU
		{BEFE6CFB-F8BF-931A-53F7-E722167848A0}.Release|Any CPU.Build.0 = Release|Any CPU
		{5C46C7C9-396A-E7F9-B434-8BF4FE2E739E}.Debug|Any CPU.ActiveCfg = Debug|Any CPU
		{5C46C7C9-396A-E7F9-B434-8BF4FE2E739E}.Debug|Any CPU.Build.0 = Debug|Any CPU
		{5C46C7C9-396A-E7F9-B434-8BF4FE2E739E}.Release|Any CPU.ActiveCfg = Release|Any CPU
		{5C46C7C9-396A-E7F9-B434-8BF4FE2E739E}.Release|Any CPU.Build.0 = Release|Any CPU
		{A71ACD28-C170-ACF8-AF28-89249BF02B80}.Debug|Any CPU.ActiveCfg = Debug|Any CPU
		{A71ACD28-C170-ACF8-AF28-89249BF02B80}.Debug|Any CPU.Build.0 = Debug|Any CPU
		{A71ACD28-C170-ACF8-AF28-89249BF02B80}.Release|Any CPU.ActiveCfg = Release|Any CPU
		{A71ACD28-C170-ACF8-AF28-89249BF02B80}.Release|Any CPU.Build.0 = Release|Any CPU
	EndGlobalSection
	GlobalSection(SolutionProperties) = preSolution
		HideSolutionNode = FALSE
	EndGlobalSection
EndGlobal
